
Microsoft Visual Studio Solution File, Format Version 11.00
# Visual Studio 2010
Project("{FAE04EC0-301F-11D3-BF4B-00C04F79EFBC}") = "Isopods", "Assembly-CSharp.csproj", "{552F9AC2-2C14-128F-9946-93DCD8625B9B}"
EndProject
Global
	GlobalSection(SolutionConfigurationPlatforms) = preSolution
		Debug|Any CPU = Debug|Any CPU
		Release|Any CPU = Release|Any CPU
	EndGlobalSection
	GlobalSection(ProjectConfigurationPlatforms) = postSolution
		{552F9AC2-2C14-128F-9946-93DCD8625B9B}.Debug|Any CPU.ActiveCfg = Debug|Any CPU
		{552F9AC2-2C14-128F-9946-93DCD8625B9B}.Debug|Any CPU.Build.0 = Debug|Any CPU
		{552F9AC2-2C14-128F-9946-93DCD8625B9B}.Release|Any CPU.ActiveCfg = Release|Any CPU
		{552F9AC2-2C14-128F-9946-93DCD8625B9B}.Release|Any CPU.Build.0 = Release|Any CPU
	EndGlobalSection
	GlobalSection(SolutionProperties) = preSolution
		HideSolutionNode = FALSE
	EndGlobalSection
	GlobalSection(MonoDevelopProperties) = preSolution
		StartupItem = Assembly-CSharp.csproj
	EndGlobalSection
EndGlobal
